
Microsoft Visual Studio Solution File, Format Version 12.00
# Visual Studio Version 17
VisualStudioVersion = 17.7.34221.43
MinimumVisualStudioVersion = 10.0.40219.1
Project("{FAE04EC0-301F-11D3-BF4B-00C04F79EFBC}") = "FileAdd", "FileAdd\FileAdd.csproj", "{D6022CFE-2FE7-4869-8649-98F42893DCB5}"
EndProject
Global
	GlobalSection(SolutionConfigurationPlatforms) = preSolution
		Debug|Any CPU = Debug|Any CPU
		Release|Any CPU = Release|Any CPU
	EndGlobalSection
	GlobalSection(ProjectConfigurationPlatforms) = postSolution
		{D6022CFE-2FE7-4869-8649-98F42893DCB5}.Debug|Any CPU.ActiveCfg = Debug|Any CPU
		{D6022CFE-2FE7-4869-8649-98F42893DCB5}.Debug|Any CPU.Build.0 = Debug|Any CPU
		{D6022CFE-2FE7-4869-8649-98F42893DCB5}.Release|Any CPU.ActiveCfg = Release|Any CPU
		{D6022CFE-2FE7-4869-8649-98F42893DCB5}.Release|Any CPU.Build.0 = Release|Any CPU
	EndGlobalSection
	GlobalSection(SolutionProperties) = preSolution
		HideSolutionNode = FALSE
	EndGlobalSection
	GlobalSection(ExtensibilityGlobals) = postSolution
		SolutionGuid = {E3C3C777-39AC-46D4-A16B-16A57897640C}
	EndGlobalSection
EndGlobal
